
Microsoft Visual Studio Solution File, Format Version 12.00
# Visual Studio Version 17
VisualStudioVersion = 17.7.34031.279
MinimumVisualStudioVersion = 10.0.40219.1
Project("{FAE04EC0-301F-11D3-BF4B-00C04F79EFBC}") = "Encrypt", "Encrypt\Encrypt.csproj", "{51A9E614-9D05-4719-BDF9-AEF287F786E6}"
EndProject
Global
	GlobalSection(SolutionConfigurationPlatforms) = preSolution
		Debug|Any CPU = Debug|Any CPU
		Release|Any CPU = Release|Any CPU
	EndGlobalSection
	GlobalSection(ProjectConfigurationPlatforms) = postSolution
		{51A9E614-9D05-4719-BDF9-AEF287F786E6}.Debug|Any CPU.ActiveCfg = Debug|Any CPU
		{51A9E614-9D05-4719-BDF9-AEF287F786E6}.Debug|Any CPU.Build.0 = Debug|Any CPU
		{51A9E614-9D05-4719-BDF9-AEF287F786E6}.Release|Any CPU.ActiveCfg = Release|Any CPU
		{51A9E614-9D05-4719-BDF9-AEF287F786E6}.Release|Any CPU.Build.0 = Release|Any CPU
	EndGlobalSection
	GlobalSection(SolutionProperties) = preSolution
		HideSolutionNode = FALSE
	EndGlobalSection
	GlobalSection(ExtensibilityGlobals) = postSolution
		SolutionGuid = {3BE6F6A7-1523-4A13-9063-09DD9AFA7925}
	EndGlobalSection
EndGlobal
